
Microsoft Visual Studio Solution File, Format Version 12.00
# Visual Studio Version 17
VisualStudioVersion = 17.14.36518.9 d17.14
MinimumVisualStudioVersion = 10.0.40219.1
Project("{FAE04EC0-301F-11D3-BF4B-00C04F79EFBC}") = "ProyectoPuntoNET", "ProyectoPuntoNET.csproj", "{5954BC3D-2768-40DE-92D6-B0A77496683B}"
EndProject
Global
	GlobalSection(SolutionConfigurationPlatforms) = preSolution
		Debug|Any CPU = Debug|Any CPU
		Release|Any CPU = Release|Any CPU
	EndGlobalSection
	GlobalSection(ProjectConfigurationPlatforms) = postSolution
		{5954BC3D-2768-40DE-92D6-B0A77496683B}.Debug|Any CPU.ActiveCfg = Debug|Any CPU
		{5954BC3D-2768-40DE-92D6-B0A77496683B}.Debug|Any CPU.Build.0 = Debug|Any CPU
		{5954BC3D-2768-40DE-92D6-B0A77496683B}.Release|Any CPU.ActiveCfg = Release|Any CPU
		{5954BC3D-2768-40DE-92D6-B0A77496683B}.Release|Any CPU.Build.0 = Release|Any CPU
	EndGlobalSection
	GlobalSection(SolutionProperties) = preSolution
		HideSolutionNode = FALSE
	EndGlobalSection
	GlobalSection(ExtensibilityGlobals) = postSolution
		SolutionGuid = {CBB98B31-856E-44A5-801D-80D35A230F7A}
	EndGlobalSection
EndGlobal
